
Microsoft Visual Studio Solution File, Format Version 12.00
# Visual Studio Version 17
VisualStudioVersion = 17.5.33502.453
MinimumVisualStudioVersion = 10.0.40219.1
Project("{FAE04EC0-301F-11D3-BF4B-00C04F79EFBC}") = "LTH", "LTH.csproj", "{6961128C-CFB6-466D-97F6-C591CE02D513}"
EndProject
Global
	GlobalSection(SolutionConfigurationPlatforms) = preSolution
		Debug|Any CPU = Debug|Any CPU
		Release|Any CPU = Release|Any CPU
	EndGlobalSection
	GlobalSection(ProjectConfigurationPlatforms) = postSolution
		{6961128C-CFB6-466D-97F6-C591CE02D513}.Debug|Any CPU.ActiveCfg = Debug|Any CPU
		{6961128C-CFB6-466D-97F6-C591CE02D513}.Debug|Any CPU.Build.0 = Debug|Any CPU
		{6961128C-CFB6-466D-97F6-C591CE02D513}.Release|Any CPU.ActiveCfg = Release|Any CPU
		{6961128C-CFB6-466D-97F6-C591CE02D513}.Release|Any CPU.Build.0 = Release|Any CPU
	EndGlobalSection
	GlobalSection(SolutionProperties) = preSolution
		HideSolutionNode = FALSE
	EndGlobalSection
	GlobalSection(ExtensibilityGlobals) = postSolution
		SolutionGuid = {B86E6FB9-6222-4C9B-8D74-FCE33CCBA92F}
	EndGlobalSection
EndGlobal
